
Microsoft Visual Studio Solution File, Format Version 12.00
# Visual Studio Version 17
VisualStudioVersion = 17.8.34309.116
MinimumVisualStudioVersion = 10.0.40219.1
Project("{9A19103F-16F7-4668-BE54-9A1E7A4F7556}") = "MyFirstConsole", "MyFirstConsole\MyFirstConsole.csproj", "{9CBA3521-C120-44A8-B537-90CCEA399033}"
EndProject
Project("{2150E333-8FDC-42A3-9474-1A3956D46DE8}") = "Solution Items", "Solution Items", "{3AB1CA3F-D4B9-4C22-9823-D9ABB84FA7CC}"
	ProjectSection(SolutionItems) = preProject
		.gitignore = .gitignore
	EndProjectSection
EndProject
Project("{9A19103F-16F7-4668-BE54-9A1E7A4F7556}") = "MySecondConsole", "MySecondConsole\MySecondConsole.csproj", "{8B250FCB-1F46-46D3-9F93-6673D94FAFAB}"
EndProject
Project("{9A19103F-16F7-4668-BE54-9A1E7A4F7556}") = "MyThirdConsole", "MyThirdConsole\MyThirdConsole.csproj", "{94DBC13C-C557-47F0-B9C9-88811292B0FE}"
EndProject
Project("{9A19103F-16F7-4668-BE54-9A1E7A4F7556}") = "MyFourthConsole", "MyFourthConsole\MyFourthConsole.csproj", "{4DB8AF6F-E193-4F73-9DF5-A4EB22FBD2C9}"
EndProject
Project("{9A19103F-16F7-4668-BE54-9A1E7A4F7556}") = "Lesson3Task1", "Lesson3Task1\Lesson3Task1.csproj", "{A9907522-4AAA-4980-A4ED-7B7D4A5431BD}"
EndProject
Project("{9A19103F-16F7-4668-BE54-9A1E7A4F7556}") = "Lesson3Task2", "Lesson3Task2\Lesson3Task2.csproj", "{43621F2D-10F4-4190-962D-3C9BF8AC307F}"
EndProject
Project("{9A19103F-16F7-4668-BE54-9A1E7A4F7556}") = "Lesson3Task3", "Lesson3Task3\Lesson3Task3.csproj", "{91F3E9A5-AFDA-4BEC-943C-A8F7DFFE893E}"
EndProject
Project("{9A19103F-16F7-4668-BE54-9A1E7A4F7556}") = "Lesson3Task4", "Lesson3Task4\Lesson3Task4.csproj", "{5E3B7596-31C5-4238-AA9D-D22A03CBE890}"
EndProject
Project("{9A19103F-16F7-4668-BE54-9A1E7A4F7556}") = "Lesson3Task5", "Lesson3Task5\Lesson3Task5.csproj", "{F62B2052-B83C-41AB-839E-355B2CF354C8}"
EndProject
Project("{9A19103F-16F7-4668-BE54-9A1E7A4F7556}") = "Lesson3Task6", "Lesson3Task6\Lesson3Task6.csproj", "{E9CEBB6C-1BB3-4427-AE78-C4A28EFAC08F}"
EndProject
Project("{9A19103F-16F7-4668-BE54-9A1E7A4F7556}") = "Homework4Task1", "Homework4Task1\Homework4Task1.csproj", "{7389FAF6-F373-447C-B8F2-02F17304FC05}"
EndProject
Project("{9A19103F-16F7-4668-BE54-9A1E7A4F7556}") = "Homework4Task2", "Homework4Task2\Homework4Task2.csproj", "{CF52D64C-3D0E-4B17-88B7-73649B2D0C92}"
EndProject
Project("{9A19103F-16F7-4668-BE54-9A1E7A4F7556}") = "Homework5Task2", "Homework5Task1\Homework5Task2.csproj", "{DEEF915E-C79C-409D-ABD7-88C6842BCFFA}"
EndProject
Project("{9A19103F-16F7-4668-BE54-9A1E7A4F7556}") = "Homework5Task3", "Homework5Task3\Homework5Task3.csproj", "{8EF72B02-434D-4BE7-A402-C701E8AF652D}"
EndProject
Project("{9A19103F-16F7-4668-BE54-9A1E7A4F7556}") = "Homework4Task3", "Homework4Task3\Homework4Task3.csproj", "{203792E1-BB26-4DC0-9B64-1440E94A76CE}"
EndProject
Project("{9A19103F-16F7-4668-BE54-9A1E7A4F7556}") = "Homework4Task4", "Homework4Task4\Homework4Task4.csproj", "{62B288E8-6E9B-42C3-A5E7-1D508BE55D6D}"
EndProject
Project("{9A19103F-16F7-4668-BE54-9A1E7A4F7556}") = "Homework6", "Homework6\Homework6.csproj", "{9611F307-347A-4D56-B251-0295CD5A2594}"
EndProject
Project("{9A19103F-16F7-4668-BE54-9A1E7A4F7556}") = "Test", "Test\Test.csproj", "{6D08B3AE-DF3B-49B3-A22B-F39F2C87127F}"
EndProject
Project("{9A19103F-16F7-4668-BE54-9A1E7A4F7556}") = "Homework7", "Homework7Task1\Homework7.csproj", "{AF8F3DD0-8BE8-4F87-BBA5-C78443D6029F}"
EndProject
Project("{9A19103F-16F7-4668-BE54-9A1E7A4F7556}") = "Homework8", "Homework8\Homework8.csproj", "{2D710449-7339-4C2C-A2E0-5A58F4AE42CE}"
EndProject
Project("{9A19103F-16F7-4668-BE54-9A1E7A4F7556}") = "Homework11", "Homework11\Homework11.csproj", "{C01B0482-F75C-45BA-A8FA-763DC852935E}"
EndProject
Project("{FAE04EC0-301F-11D3-BF4B-00C04F79EFBC}") = "Homework12", "Homework12\Homework12.csproj", "{87C2C924-907F-4F9E-8270-D8DEEF1815D9}"
EndProject
Project("{FAE04EC0-301F-11D3-BF4B-00C04F79EFBC}") = "Homework15", "Homework15\Homework15.csproj", "{E15F4E99-0644-4ECC-A11B-085C4C369F54}"
EndProject
Global
	GlobalSection(SolutionConfigurationPlatforms) = preSolution
		Debug|Any CPU = Debug|Any CPU
		Release|Any CPU = Release|Any CPU
	EndGlobalSection
	GlobalSection(ProjectConfigurationPlatforms) = postSolution
		{9CBA3521-C120-44A8-B537-90CCEA399033}.Debug|Any CPU.ActiveCfg = Debug|Any CPU
		{9CBA3521-C120-44A8-B537-90CCEA399033}.Debug|Any CPU.Build.0 = Debug|Any CPU
		{9CBA3521-C120-44A8-B537-90CCEA399033}.Release|Any CPU.ActiveCfg = Release|Any CPU
		{9CBA3521-C120-44A8-B537-90CCEA399033}.Release|Any CPU.Build.0 = Release|Any CPU
		{8B250FCB-1F46-46D3-9F93-6673D94FAFAB}.Debug|Any CPU.ActiveCfg = Debug|Any CPU
		{8B250FCB-1F46-46D3-9F93-6673D94FAFAB}.Debug|Any CPU.Build.0 = Debug|Any CPU
		{8B250FCB-1F46-46D3-9F93-6673D94FAFAB}.Release|Any CPU.ActiveCfg = Release|Any CPU
		{8B250FCB-1F46-46D3-9F93-6673D94FAFAB}.Release|Any CPU.Build.0 = Release|Any CPU
		{94DBC13C-C557-47F0-B9C9-88811292B0FE}.Debug|Any CPU.ActiveCfg = Debug|Any CPU
		{94DBC13C-C557-47F0-B9C9-88811292B0FE}.Debug|Any CPU.Build.0 = Debug|Any CPU
		{94DBC13C-C557-47F0-B9C9-88811292B0FE}.Release|Any CPU.ActiveCfg = Release|Any CPU
		{94DBC13C-C557-47F0-B9C9-88811292B0FE}.Release|Any CPU.Build.0 = Release|Any CPU
		{4DB8AF6F-E193-4F73-9DF5-A4EB22FBD2C9}.Debug|Any CPU.ActiveCfg = Debug|Any CPU
		{4DB8AF6F-E193-4F73-9DF5-A4EB22FBD2C9}.Debug|Any CPU.Build.0 = Debug|Any CPU
		{4DB8AF6F-E193-4F73-9DF5-A4EB22FBD2C9}.Release|Any CPU.ActiveCfg = Release|Any CPU
		{4DB8AF6F-E193-4F73-9DF5-A4EB22FBD2C9}.Release|Any CPU.Build.0 = Release|Any CPU
		{A9907522-4AAA-4980-A4ED-7B7D4A5431BD}.Debug|Any CPU.ActiveCfg = Debug|Any CPU
		{A9907522-4AAA-4980-A4ED-7B7D4A5431BD}.Debug|Any CPU.Build.0 = Debug|Any CPU
		{A9907522-4AAA-4980-A4ED-7B7D4A5431BD}.Release|Any CPU.ActiveCfg = Release|Any CPU
		{A9907522-4AAA-4980-A4ED-7B7D4A5431BD}.Release|Any CPU.Build.0 = Release|Any CPU
		{43621F2D-10F4-4190-962D-3C9BF8AC307F}.Debug|Any CPU.ActiveCfg = Debug|Any CPU
		{43621F2D-10F4-4190-962D-3C9BF8AC307F}.Debug|Any CPU.Build.0 = Debug|Any CPU
		{43621F2D-10F4-4190-962D-3C9BF8AC307F}.Release|Any CPU.ActiveCfg = Release|Any CPU
		{43621F2D-10F4-4190-962D-3C9BF8AC307F}.Release|Any CPU.Build.0 = Release|Any CPU
		{91F3E9A5-AFDA-4BEC-943C-A8F7DFFE893E}.Debug|Any CPU.ActiveCfg = Debug|Any CPU
		{91F3E9A5-AFDA-4BEC-943C-A8F7DFFE893E}.Debug|Any CPU.Build.0 = Debug|Any CPU
		{91F3E9A5-AFDA-4BEC-943C-A8F7DFFE893E}.Release|Any CPU.ActiveCfg = Release|Any CPU
		{91F3E9A5-AFDA-4BEC-943C-A8F7DFFE893E}.Release|Any CPU.Build.0 = Release|Any CPU
		{5E3B7596-31C5-4238-AA9D-D22A03CBE890}.Debug|Any CPU.ActiveCfg = Debug|Any CPU
		{5E3B7596-31C5-4238-AA9D-D22A03CBE890}.Debug|Any CPU.Build.0 = Debug|Any CPU
		{5E3B7596-31C5-4238-AA9D-D22A03CBE890}.Release|Any CPU.ActiveCfg = Release|Any CPU
		{5E3B7596-31C5-4238-AA9D-D22A03CBE890}.Release|Any CPU.Build.0 = Release|Any CPU
		{F62B2052-B83C-41AB-839E-355B2CF354C8}.Debug|Any CPU.ActiveCfg = Debug|Any CPU
		{F62B2052-B83C-41AB-839E-355B2CF354C8}.Debug|Any CPU.Build.0 = Debug|Any CPU
		{F62B2052-B83C-41AB-839E-355B2CF354C8}.Release|Any CPU.ActiveCfg = Release|Any CPU
		{F62B2052-B83C-41AB-839E-355B2CF354C8}.Release|Any CPU.Build.0 = Release|Any CPU
		{E9CEBB6C-1BB3-4427-AE78-C4A28EFAC08F}.Debug|Any CPU.ActiveCfg = Debug|Any CPU
		{E9CEBB6C-1BB3-4427-AE78-C4A28EFAC08F}.Debug|Any CPU.Build.0 = Debug|Any CPU
		{E9CEBB6C-1BB3-4427-AE78-C4A28EFAC08F}.Release|Any CPU.ActiveCfg = Release|Any CPU
		{E9CEBB6C-1BB3-4427-AE78-C4A28EFAC08F}.Release|Any CPU.Build.0 = Release|Any CPU
		{7389FAF6-F373-447C-B8F2-02F17304FC05}.Debug|Any CPU.ActiveCfg = Debug|Any CPU
		{7389FAF6-F373-447C-B8F2-02F17304FC05}.Debug|Any CPU.Build.0 = Debug|Any CPU
		{7389FAF6-F373-447C-B8F2-02F17304FC05}.Release|Any CPU.ActiveCfg = Release|Any CPU
		{7389FAF6-F373-447C-B8F2-02F17304FC05}.Release|Any CPU.Build.0 = Release|Any CPU
		{CF52D64C-3D0E-4B17-88B7-73649B2D0C92}.Debug|Any CPU.ActiveCfg = Debug|Any CPU
		{CF52D64C-3D0E-4B17-88B7-73649B2D0C92}.Debug|Any CPU.Build.0 = Debug|Any CPU
		{CF52D64C-3D0E-4B17-88B7-73649B2D0C92}.Release|Any CPU.ActiveCfg = Release|Any CPU
		{CF52D64C-3D0E-4B17-88B7-73649B2D0C92}.Release|Any CPU.Build.0 = Release|Any CPU
		{DEEF915E-C79C-409D-ABD7-88C6842BCFFA}.Debug|Any CPU.ActiveCfg = Debug|Any CPU
		{DEEF915E-C79C-409D-ABD7-88C6842BCFFA}.Debug|Any CPU.Build.0 = Debug|Any CPU
		{DEEF915E-C79C-409D-ABD7-88C6842BCFFA}.Release|Any CPU.ActiveCfg = Release|Any CPU
		{DEEF915E-C79C-409D-ABD7-88C6842BCFFA}.Release|Any CPU.Build.0 = Release|Any CPU
		{8EF72B02-434D-4BE7-A402-C701E8AF652D}.Debug|Any CPU.ActiveCfg = Debug|Any CPU
		{8EF72B02-434D-4BE7-A402-C701E8AF652D}.Debug|Any CPU.Build.0 = Debug|Any CPU
		{8EF72B02-434D-4BE7-A402-C701E8AF652D}.Release|Any CPU.ActiveCfg = Release|Any CPU
		{8EF72B02-434D-4BE7-A402-C701E8AF652D}.Release|Any CPU.Build.0 = Release|Any CPU
		{203792E1-BB26-4DC0-9B64-1440E94A76CE}.Debug|Any CPU.ActiveCfg = Debug|Any CPU
		{203792E1-BB26-4DC0-9B64-1440E94A76CE}.Debug|Any CPU.Build.0 = Debug|Any CPU
		{203792E1-BB26-4DC0-9B64-1440E94A76CE}.Release|Any CPU.ActiveCfg = Release|Any CPU
		{203792E1-BB26-4DC0-9B64-1440E94A76CE}.Release|Any CPU.Build.0 = Release|Any CPU
		{62B288E8-6E9B-42C3-A5E7-1D508BE55D6D}.Debug|Any CPU.ActiveCfg = Debug|Any CPU
		{62B288E8-6E9B-42C3-A5E7-1D508BE55D6D}.Debug|Any CPU.Build.0 = Debug|Any CPU
		{62B288E8-6E9B-42C3-A5E7-1D508BE55D6D}.Release|Any CPU.ActiveCfg = Release|Any CPU
		{62B288E8-6E9B-42C3-A5E7-1D508BE55D6D}.Release|Any CPU.Build.0 = Release|Any CPU
		{9611F307-347A-4D56-B251-0295CD5A2594}.Debug|Any CPU.ActiveCfg = Debug|Any CPU
		{9611F307-347A-4D56-B251-0295CD5A2594}.Debug|Any CPU.Build.0 = Debug|Any CPU
		{9611F307-347A-4D56-B251-0295CD5A2594}.Release|Any CPU.ActiveCfg = Release|Any CPU
		{9611F307-347A-4D56-B251-0295CD5A2594}.Release|Any CPU.Build.0 = Release|Any CPU
		{6D08B3AE-DF3B-49B3-A22B-F39F2C87127F}.Debug|Any CPU.ActiveCfg = Debug|Any CPU
		{6D08B3AE-DF3B-49B3-A22B-F39F2C87127F}.Debug|Any CPU.Build.0 = Debug|Any CPU
		{6D08B3AE-DF3B-49B3-A22B-F39F2C87127F}.Release|Any CPU.ActiveCfg = Release|Any CPU
		{6D08B3AE-DF3B-49B3-A22B-F39F2C87127F}.Release|Any CPU.Build.0 = Release|Any CPU
		{AF8F3DD0-8BE8-4F87-BBA5-C78443D6029F}.Debug|Any CPU.ActiveCfg = Debug|Any CPU
		{AF8F3DD0-8BE8-4F87-BBA5-C78443D6029F}.Debug|Any CPU.Build.0 = Debug|Any CPU
		{AF8F3DD0-8BE8-4F87-BBA5-C78443D6029F}.Release|Any CPU.ActiveCfg = Release|Any CPU
		{AF8F3DD0-8BE8-4F87-BBA5-C78443D6029F}.Release|Any CPU.Build.0 = Release|Any CPU
		{2D710449-7339-4C2C-A2E0-5A58F4AE42CE}.Debug|Any CPU.ActiveCfg = Debug|Any CPU
		{2D710449-7339-4C2C-A2E0-5A58F4AE42CE}.Debug|Any CPU.Build.0 = Debug|Any CPU
		{2D710449-7339-4C2C-A2E0-5A58F4AE42CE}.Release|Any CPU.ActiveCfg = Release|Any CPU
		{2D710449-7339-4C2C-A2E0-5A58F4AE42CE}.Release|Any CPU.Build.0 = Release|Any CPU
		{C01B0482-F75C-45BA-A8FA-763DC852935E}.Debug|Any CPU.ActiveCfg = Debug|Any CPU
		{C01B0482-F75C-45BA-A8FA-763DC852935E}.Debug|Any CPU.Build.0 = Debug|Any CPU
		{C01B0482-F75C-45BA-A8FA-763DC852935E}.Release|Any CPU.ActiveCfg = Release|Any CPU
		{C01B0482-F75C-45BA-A8FA-763DC852935E}.Release|Any CPU.Build.0 = Release|Any CPU
		{E15F4E99-0644-4ECC-A11B-085C4C369F54}.Debug|Any CPU.ActiveCfg = Debug|Any CPU
		{E15F4E99-0644-4ECC-A11B-085C4C369F54}.Debug|Any CPU.Build.0 = Debug|Any CPU
		{E15F4E99-0644-4ECC-A11B-085C4C369F54}.Release|Any CPU.ActiveCfg = Release|Any CPU
		{E15F4E99-0644-4ECC-A11B-085C4C369F54}.Release|Any CPU.Build.0 = Release|Any CPU
		{87C2C924-907F-4F9E-8270-D8DEEF1815D9}.Debug|Any CPU.ActiveCfg = Debug|Any CPU
		{87C2C924-907F-4F9E-8270-D8DEEF1815D9}.Debug|Any CPU.Build.0 = Debug|Any CPU
		{87C2C924-907F-4F9E-8270-D8DEEF1815D9}.Release|Any CPU.ActiveCfg = Release|Any CPU
		{87C2C924-907F-4F9E-8270-D8DEEF1815D9}.Release|Any CPU.Build.0 = Release|Any CPU
	EndGlobalSection
	GlobalSection(SolutionProperties) = preSolution
		HideSolutionNode = FALSE
	EndGlobalSection
	GlobalSection(ExtensibilityGlobals) = postSolution
		SolutionGuid = {7B1AA377-A262-4F81-B698-40438F43A29A}
	EndGlobalSection
EndGlobal
